
Microsoft Visual Studio Solution File, Format Version 12.00
# Visual Studio Version 16
VisualStudioVersion = 16.0.30717.126
MinimumVisualStudioVersion = 10.0.40219.1
Project("{FAE04EC0-301F-11D3-BF4B-00C04F79EFBC}") = "HTTP5101Assignment5", "HTTP5101Assignment5\HTTP5101Assignment5.csproj", "{5FA84FBD-8046-415A-853A-F610E41E1857}"
EndProject
Global
	GlobalSection(SolutionConfigurationPlatforms) = preSolution
		Debug|Any CPU = Debug|Any CPU
		Release|Any CPU = Release|Any CPU
	EndGlobalSection
	GlobalSection(ProjectConfigurationPlatforms) = postSolution
		{5FA84FBD-8046-415A-853A-F610E41E1857}.Debug|Any CPU.ActiveCfg = Debug|Any CPU
		{5FA84FBD-8046-415A-853A-F610E41E1857}.Debug|Any CPU.Build.0 = Debug|Any CPU
		{5FA84FBD-8046-415A-853A-F610E41E1857}.Release|Any CPU.ActiveCfg = Release|Any CPU
		{5FA84FBD-8046-415A-853A-F610E41E1857}.Release|Any CPU.Build.0 = Release|Any CPU
	EndGlobalSection
	GlobalSection(SolutionProperties) = preSolution
		HideSolutionNode = FALSE
	EndGlobalSection
	GlobalSection(ExtensibilityGlobals) = postSolution
		SolutionGuid = {3AE7C64D-69F7-4C90-97E4-EEF2BE55C273}
	EndGlobalSection
EndGlobal
